
Microsoft Visual Studio Solution File, Format Version 12.00
# Visual Studio Version 17
VisualStudioVersion = 17.3.32901.215
MinimumVisualStudioVersion = 10.0.40219.1
Project("{FAE04EC0-301F-11D3-BF4B-00C04F79EFBC}") = "GestionalePianDelPigro", "GestionalePianDelPigro\GestionalePianDelPigro.csproj", "{CA815431-C138-4714-822F-AEF3CCA6CDFA}"
EndProject
Global
	GlobalSection(SolutionConfigurationPlatforms) = preSolution
		Debug|Any CPU = Debug|Any CPU
		Release|Any CPU = Release|Any CPU
	EndGlobalSection
	GlobalSection(ProjectConfigurationPlatforms) = postSolution
		{CA815431-C138-4714-822F-AEF3CCA6CDFA}.Debug|Any CPU.ActiveCfg = Debug|Any CPU
		{CA815431-C138-4714-822F-AEF3CCA6CDFA}.Debug|Any CPU.Build.0 = Debug|Any CPU
		{CA815431-C138-4714-822F-AEF3CCA6CDFA}.Release|Any CPU.ActiveCfg = Release|Any CPU
		{CA815431-C138-4714-822F-AEF3CCA6CDFA}.Release|Any CPU.Build.0 = Release|Any CPU
	EndGlobalSection
	GlobalSection(SolutionProperties) = preSolution
		HideSolutionNode = FALSE
	EndGlobalSection
	GlobalSection(ExtensibilityGlobals) = postSolution
		SolutionGuid = {8BE8D96A-C7CE-494A-A6A2-4890D756FF21}
	EndGlobalSection
EndGlobal
